
Microsoft Visual Studio Solution File, Format Version 12.00
# Visual Studio Version 16
VisualStudioVersion = 16.0.31702.278
MinimumVisualStudioVersion = 10.0.40219.1
Project("{9A19103F-16F7-4668-BE54-9A1E7A4F7556}") = "PortalMazda", "PortalMazda.csproj", "{33E9CC79-8733-4375-B087-3815163419F2}"
EndProject
Project("{2150E333-8FDC-42A3-9474-1A3956D46DE8}") = "Libs", "Libs", "{7A0C0BD1-06F8-4837-A961-C2D0FEA5C6ED}"
EndProject
Project("{2150E333-8FDC-42A3-9474-1A3956D46DE8}") = "Catalogs", "Catalogs", "{680D26B9-7F94-4023-92F2-AF32403BE37B}"
EndProject
Project("{9A19103F-16F7-4668-BE54-9A1E7A4F7556}") = "Support", "..\..\Libs\Support\Support.csproj", "{37505730-A3D3-4C24-84A0-7FE9C40F4AB6}"
EndProject
Project("{2150E333-8FDC-42A3-9474-1A3956D46DE8}") = "Service", "Service", "{DFE9F233-7C73-47FF-B4C1-399D4F4A3E20}"
EndProject
Project("{FAE04EC0-301F-11D3-BF4B-00C04F79EFBC}") = "WindowsService", "..\..\Service\WindowsService\WindowsService.csproj", "{7D78F953-766C-4569-A59A-9F29754D3756}"
EndProject
Project("{FAE04EC0-301F-11D3-BF4B-00C04F79EFBC}") = "ServiceLib", "..\..\Libs\ServiceLib\ServiceLib.csproj", "{6DE5DA4D-D02D-4697-AC08-DE5CEB0189B1}"
EndProject
Project("{FAE04EC0-301F-11D3-BF4B-00C04F79EFBC}") = "Log", "..\..\Libs\Logger\Log\Log.csproj", "{03F6CEEF-1986-43EA-B433-1382368F24D6}"
EndProject
Project("{FAE04EC0-301F-11D3-BF4B-00C04F79EFBC}") = "ClientService", "..\..\Libs\ClientService\ClientService\ClientService.csproj", "{0FE886DB-BAC3-490F-BE7D-A16DEFD45ADA}"
EndProject
Project("{FAE04EC0-301F-11D3-BF4B-00C04F79EFBC}") = "MessageLib", "..\..\Libs\CreateMessageFromService\Message\MessageLib.csproj", "{7F583491-D2D8-4D6C-A286-1774DAD4CB48}"
EndProject
Project("{FAE04EC0-301F-11D3-BF4B-00C04F79EFBC}") = "PostgresService", "..\..\Service\PostgresService\PostgresService.csproj", "{29572CFA-2EA6-409A-8E52-7DEAC415AC15}"
EndProject
Project("{9A19103F-16F7-4668-BE54-9A1E7A4F7556}") = "AutopoiskEFCore", "..\AutopoiskEFCore\AutopoiskEFCore.csproj", "{25D19710-81B2-4BEC-9305-08A37B507967}"
EndProject
Project("{9A19103F-16F7-4668-BE54-9A1E7A4F7556}") = "UserDB", "..\..\Libs\UserDB\UserDB.csproj", "{886E5A89-0807-4047-BB77-5FE7BA6F1037}"
EndProject
Global
	GlobalSection(SolutionConfigurationPlatforms) = preSolution
		Debug|Any CPU = Debug|Any CPU
		Release|Any CPU = Release|Any CPU
	EndGlobalSection
	GlobalSection(ProjectConfigurationPlatforms) = postSolution
		{33E9CC79-8733-4375-B087-3815163419F2}.Debug|Any CPU.ActiveCfg = Debug|Any CPU
		{33E9CC79-8733-4375-B087-3815163419F2}.Debug|Any CPU.Build.0 = Debug|Any CPU
		{33E9CC79-8733-4375-B087-3815163419F2}.Release|Any CPU.ActiveCfg = Release|Any CPU
		{33E9CC79-8733-4375-B087-3815163419F2}.Release|Any CPU.Build.0 = Release|Any CPU
		{37505730-A3D3-4C24-84A0-7FE9C40F4AB6}.Debug|Any CPU.ActiveCfg = Debug|Any CPU
		{37505730-A3D3-4C24-84A0-7FE9C40F4AB6}.Debug|Any CPU.Build.0 = Debug|Any CPU
		{37505730-A3D3-4C24-84A0-7FE9C40F4AB6}.Release|Any CPU.ActiveCfg = Release|Any CPU
		{37505730-A3D3-4C24-84A0-7FE9C40F4AB6}.Release|Any CPU.Build.0 = Release|Any CPU
		{7D78F953-766C-4569-A59A-9F29754D3756}.Debug|Any CPU.ActiveCfg = Debug|Any CPU
		{7D78F953-766C-4569-A59A-9F29754D3756}.Debug|Any CPU.Build.0 = Debug|Any CPU
		{7D78F953-766C-4569-A59A-9F29754D3756}.Release|Any CPU.ActiveCfg = Release|Any CPU
		{7D78F953-766C-4569-A59A-9F29754D3756}.Release|Any CPU.Build.0 = Release|Any CPU
		{6DE5DA4D-D02D-4697-AC08-DE5CEB0189B1}.Debug|Any CPU.ActiveCfg = Debug|Any CPU
		{6DE5DA4D-D02D-4697-AC08-DE5CEB0189B1}.Debug|Any CPU.Build.0 = Debug|Any CPU
		{6DE5DA4D-D02D-4697-AC08-DE5CEB0189B1}.Release|Any CPU.ActiveCfg = Release|Any CPU
		{6DE5DA4D-D02D-4697-AC08-DE5CEB0189B1}.Release|Any CPU.Build.0 = Release|Any CPU
		{03F6CEEF-1986-43EA-B433-1382368F24D6}.Debug|Any CPU.ActiveCfg = Debug|Any CPU
		{03F6CEEF-1986-43EA-B433-1382368F24D6}.Debug|Any CPU.Build.0 = Debug|Any CPU
		{03F6CEEF-1986-43EA-B433-1382368F24D6}.Release|Any CPU.ActiveCfg = Release|Any CPU
		{03F6CEEF-1986-43EA-B433-1382368F24D6}.Release|Any CPU.Build.0 = Release|Any CPU
		{0FE886DB-BAC3-490F-BE7D-A16DEFD45ADA}.Debug|Any CPU.ActiveCfg = Debug|Any CPU
		{0FE886DB-BAC3-490F-BE7D-A16DEFD45ADA}.Debug|Any CPU.Build.0 = Debug|Any CPU
		{0FE886DB-BAC3-490F-BE7D-A16DEFD45ADA}.Release|Any CPU.ActiveCfg = Release|Any CPU
		{0FE886DB-BAC3-490F-BE7D-A16DEFD45ADA}.Release|Any CPU.Build.0 = Release|Any CPU
		{7F583491-D2D8-4D6C-A286-1774DAD4CB48}.Debug|Any CPU.ActiveCfg = Debug|Any CPU
		{7F583491-D2D8-4D6C-A286-1774DAD4CB48}.Debug|Any CPU.Build.0 = Debug|Any CPU
		{7F583491-D2D8-4D6C-A286-1774DAD4CB48}.Release|Any CPU.ActiveCfg = Release|Any CPU
		{7F583491-D2D8-4D6C-A286-1774DAD4CB48}.Release|Any CPU.Build.0 = Release|Any CPU
		{29572CFA-2EA6-409A-8E52-7DEAC415AC15}.Debug|Any CPU.ActiveCfg = Debug|Any CPU
		{29572CFA-2EA6-409A-8E52-7DEAC415AC15}.Debug|Any CPU.Build.0 = Debug|Any CPU
		{29572CFA-2EA6-409A-8E52-7DEAC415AC15}.Release|Any CPU.ActiveCfg = Release|Any CPU
		{29572CFA-2EA6-409A-8E52-7DEAC415AC15}.Release|Any CPU.Build.0 = Release|Any CPU
		{25D19710-81B2-4BEC-9305-08A37B507967}.Debug|Any CPU.ActiveCfg = Debug|Any CPU
		{25D19710-81B2-4BEC-9305-08A37B507967}.Debug|Any CPU.Build.0 = Debug|Any CPU
		{25D19710-81B2-4BEC-9305-08A37B507967}.Release|Any CPU.ActiveCfg = Release|Any CPU
		{25D19710-81B2-4BEC-9305-08A37B507967}.Release|Any CPU.Build.0 = Release|Any CPU
		{886E5A89-0807-4047-BB77-5FE7BA6F1037}.Debug|Any CPU.ActiveCfg = Debug|Any CPU
		{886E5A89-0807-4047-BB77-5FE7BA6F1037}.Debug|Any CPU.Build.0 = Debug|Any CPU
		{886E5A89-0807-4047-BB77-5FE7BA6F1037}.Release|Any CPU.ActiveCfg = Release|Any CPU
		{886E5A89-0807-4047-BB77-5FE7BA6F1037}.Release|Any CPU.Build.0 = Release|Any CPU
	EndGlobalSection
	GlobalSection(SolutionProperties) = preSolution
		HideSolutionNode = FALSE
	EndGlobalSection
	GlobalSection(NestedProjects) = preSolution
		{33E9CC79-8733-4375-B087-3815163419F2} = {680D26B9-7F94-4023-92F2-AF32403BE37B}
		{37505730-A3D3-4C24-84A0-7FE9C40F4AB6} = {7A0C0BD1-06F8-4837-A961-C2D0FEA5C6ED}
		{7D78F953-766C-4569-A59A-9F29754D3756} = {DFE9F233-7C73-47FF-B4C1-399D4F4A3E20}
		{6DE5DA4D-D02D-4697-AC08-DE5CEB0189B1} = {7A0C0BD1-06F8-4837-A961-C2D0FEA5C6ED}
		{03F6CEEF-1986-43EA-B433-1382368F24D6} = {7A0C0BD1-06F8-4837-A961-C2D0FEA5C6ED}
		{0FE886DB-BAC3-490F-BE7D-A16DEFD45ADA} = {7A0C0BD1-06F8-4837-A961-C2D0FEA5C6ED}
		{7F583491-D2D8-4D6C-A286-1774DAD4CB48} = {7A0C0BD1-06F8-4837-A961-C2D0FEA5C6ED}
		{29572CFA-2EA6-409A-8E52-7DEAC415AC15} = {DFE9F233-7C73-47FF-B4C1-399D4F4A3E20}
		{25D19710-81B2-4BEC-9305-08A37B507967} = {680D26B9-7F94-4023-92F2-AF32403BE37B}
		{886E5A89-0807-4047-BB77-5FE7BA6F1037} = {7A0C0BD1-06F8-4837-A961-C2D0FEA5C6ED}
	EndGlobalSection
	GlobalSection(ExtensibilityGlobals) = postSolution
		SolutionGuid = {14BEC549-B184-4570-9EE9-05A016A404C8}
	EndGlobalSection
EndGlobal
